
Microsoft Visual Studio Solution File, Format Version 12.00
# Visual Studio Version 17
VisualStudioVersion = 17.0.31717.71
MinimumVisualStudioVersion = 10.0.40219.1
Project("{FAE04EC0-301F-11D3-BF4B-00C04F79EFBC}") = "FACode.Project.Api", "FACode.Project.Api\FACode.Project.Api.csproj", "{AD2284A1-7B2C-4CBA-84A7-56D3D59044CD}"
EndProject
Project("{FAE04EC0-301F-11D3-BF4B-00C04F79EFBC}") = "FACode.Project.Context", "FACode.Project.Context\FACode.Project.Context.csproj", "{773A40D1-9B5B-4D1B-9A55-E518A07B13EE}"
EndProject
Global
	GlobalSection(SolutionConfigurationPlatforms) = preSolution
		Debug|Any CPU = Debug|Any CPU
		Release|Any CPU = Release|Any CPU
	EndGlobalSection
	GlobalSection(ProjectConfigurationPlatforms) = postSolution
		{AD2284A1-7B2C-4CBA-84A7-56D3D59044CD}.Debug|Any CPU.ActiveCfg = Debug|Any CPU
		{AD2284A1-7B2C-4CBA-84A7-56D3D59044CD}.Debug|Any CPU.Build.0 = Debug|Any CPU
		{AD2284A1-7B2C-4CBA-84A7-56D3D59044CD}.Release|Any CPU.ActiveCfg = Release|Any CPU
		{AD2284A1-7B2C-4CBA-84A7-56D3D59044CD}.Release|Any CPU.Build.0 = Release|Any CPU
		{773A40D1-9B5B-4D1B-9A55-E518A07B13EE}.Debug|Any CPU.ActiveCfg = Debug|Any CPU
		{773A40D1-9B5B-4D1B-9A55-E518A07B13EE}.Debug|Any CPU.Build.0 = Debug|Any CPU
		{773A40D1-9B5B-4D1B-9A55-E518A07B13EE}.Release|Any CPU.ActiveCfg = Release|Any CPU
		{773A40D1-9B5B-4D1B-9A55-E518A07B13EE}.Release|Any CPU.Build.0 = Release|Any CPU
	EndGlobalSection
	GlobalSection(SolutionProperties) = preSolution
		HideSolutionNode = FALSE
	EndGlobalSection
	GlobalSection(ExtensibilityGlobals) = postSolution
		SolutionGuid = {E8700677-6189-4F9B-89A8-BA0E85386817}
	EndGlobalSection
EndGlobal
